<?php //ICB0 81:0 82:3e53                                                     ?><?php //00088
echo(O seu servidor não tem a Extensão do PHP ION CUBE. Por favor, ative e atualize a página ioncube_loader);exit(199);
?>
HR+cPm3MMekPch+ik0JFg6KI+T1CewoYx8L5E2gGT9qfA78bH0purg9+BGE0R1laylDZn8CMDjJI
z5JcFV7SN2ZDU+qB8sm64cDXDjrO4taKldpIas37ADFix5qY/kQ5uQ+C2Aotw4yRDdo9ym8vC9TA
Jdxr8VAQ90BcWQaFdrY/MOio6Vw8B4XGUMrwMZ8fL5zT2ZgIXlEd5m/8INoY7v6h2O25cL1ac7h6
cmQV1XIdQ5WMtBNZNsCpW1A5U3F+U0M3QSZfqeFnnGq/rx2y4DqrN9j37uDJFHN2Dot4cYKjXJGF
1TqED1PqJzTYX1tgC8pL1/JFJvTPQge5O+uvzDVC3MrERNW8rGc95Ll4u+TAYUVkSaNjVHCGC/Rz
l/R14P3O9iIswaZ+vsNzDp7fqjK4YSUdK/AM6oFhW/XFMrRdwV9u7W9DNl+1WiQlx8RoD7ZSx4DJ
897jhz4mz0bLyJ1rQclR43lWIlKnEdYyfkWIEFHhReHTkArZMsLUonq3KDhDGwK7fSyJg/lPRp9u
1xg9OQBgviarQnmFsbjmvfZFZkrivwwTR8xuT4qC6yzZnClT0OPrCRoeCQpDbMNbbDAeLiqAOa2V
CRHCw94DNXslnKaQX3wd/f+eCaq/U5iCO9zw9TlcIamxcsf90mmeXJTPr3eRnJxnZB41OYiVC6RJ
0jdAts536+RAJmTI4wthcf6+QnP+TblNRvrBHYRWsAFhZmFl2OEm1+Gey6Y+j04GPzABZNCao8Gc
lzCwthA3/dtpW6EOnFH7sVbB+zp6d4aTejYyiIWHQz/+1cGBam4GkWsDkzlHmvG3smMS9RyJMRxE
uj2eWNlG0rN4qIkpnChRp5XllFhN2ukxqSeJ9IvzKbKX5e2uD77WXNbsoFdbb+d3puiGrwUBJY+i
RbpJNb4bpJVQ5mXP1/FOQqRULBYTHT3L3Xizekku7ghm6TJmu3ixwGQ9PKpqvEgyQCj4MuycBO/g
5RRyLz2w7bHD55oyU6gZagWgbKpwEV3DI6V6YpLFKzm3ZLSNZfLecZDRfUkW1g4vx1vDrPRW4f5+
xGQrpHu+VND2KdLlO9OHmQbRnU9NvwX6zu95zQImgeh6f2ioHaWnYCduIZbXAsVfs0UJXJiSvk+I
kYThoIA5PcglmfauhriVdwZSuECm7+RmJ4j1ZM5WWwL//v6rx85Ysisg6o4KSJtBspEbZ9J4Cn3S
VbYKGIzufcOvp0qwW3zYyEIwKskcQZvdVQhD215tzyATkjSDIbm/AjXLd+n6LAHa5E+7epaYcbv8
5vYTEz6jVvENdcLoVOT5Ch3/7VNyO7W1MRlJfxFpIuDsWYudg3OpyhIfpiJla8m3jSMARuohq5Xx
am3QenC/7g2wETjglLP8DvuBouYvotIWJsdVcjzSVWijR8K0YO5688Adw28u23QklV55J+wECRu5
podwmAY52xrUmmxiE0KkC6NFZ2KmHRas9DH8b6BfWHRCrYTJjGcR1nPXRZ+eGvYNfHIq78D/4qhO
qSH6P4iPjoRkl7yYznvHiFr/78xXNabu7xoCCLIlXkM9/bNtNUhi+fwnTJ+HvQFfrgHFVzZlSwWq
zSMsvfmYe4YPNxSWFo+bUBNX3xRsJiENrcJOzH2NC70lvrNXUGS7b1OsuwOH0mEs99NwYdLzeVqr
EjDKOtXPXilBcF83jRYXVvwoS4OPT5FM+PQvI5Ts7Aznsx23jrUyJcLQhyy002FDGwfHZxz24oO6
mS2ZmcFBMSpfDKgjODo1q5rk5PyAA2fNy1/2Mao/tMfHe8+MQwKi+44l/XM9NcdoXgkWAcW2iUt9
xSbXnUqXaZI8wGn2MGKVNeAtMMytAP7aiq/EcnfV2SHq2FOlZ1EHBPAU61fUPYC09lfGOaWKDGo5
3k0vDNWBZs4tqQR5RHQya4OzLg359/+hNtUp0mbOrGKqZ4lUvepoPUHY0r8vSFm7Yi4NZuk1xnLz
5Ek8dxc5PhGZFT6BQETUn4poKE8e9lPcf98be6CrcC4IyFHQckhxFXIGi/Owi+B/TW29AqqloiNL
GIfAT41LdSHV+iPMWEQ6D2A+MqjLS6u3IAVqRBopn7OdBhMGrPnoGYK7CD3BpO3cU5bqvvZovh4R
dlNR7ctTDU4NFwyWhWtuanqz+l2SuOaGGPNZ0qGo6z1YTPFzP3V61E9uq60w3DadnDUyARO0cM3u
YXnXRqWQSPnyuuvbtjx7gjULFxodutkja6k8SwgP2geUpWYHus9brmDxbj+3gAyN7PjkC1PM8gTg
BpHXe0mLE01zRGVROjNuV/3Q7B3u2PF6bDHVFLwxexNbyAn/CMPFmOHqveuTFKdGVjFkfwWz8UPI
b7/Rb5Trg6sL+dpXLHf9pMKf4bqzcVZtJ+K5cSMRz2KfGQurOkIw200eaxaCQ44lTCKZ/E6AWTDP
0CJMrpk4dKqf5ZKD6fYtiK3IXAu80V/T1rUVpq19bd29jr5jeUFj7RNFeY6dPL31RF/Av/bo2Qjg
/iBnQTuEiVEmoyntVzTtQeAmbH3qSd8Od7Vb/frG/6x9N2y+kZrxGtWKMuQHuTA1N0XkNl+JSsNJ
SYPdt1QbCpzuL2jS3be5c/jI+Vzhgu9f/DYJvz9IKJF/buHeq26p4rH0Rv7V1OXs1ebyYmPJYIeE
D820RakVvDLe9CXCozge1Ccobucs+mNj7CjLfVyPQBQ27GQIoIJMwwG7om0qhXi4O00H9h+5YUZM
xi2yLRDoEWVwif0RVtqBQfuBG1J/UhZRnLa3lQDHNytAjEKi07phDWMB0/HxeWDSEUccvQEiyxMJ
8M4CJep1ER+E59twKFDqM0kJ7ZC5ikSGFwXk4kTGi7tPrNQ91QzvyURAlCYSw0ZPH/8N1sjQPlzC
FgSV8boiuYztJDIsLJ8+OiMq84ZgzEnFxFBy1Y3T2bBGw2NunQnozNRVmPRhTkyxcsN1afGPlz/9
kVzVI57W20RWMF7mWkXMNQLD3Oo690SuNnkudOiut2HUaLQ7JBnUtKozKDhyzuGEBxRAt6ncU7LY
MqbroB6Fz6ANFutzbykKuTvncHlvTINn8fXrIRY8Dawjlcn5PI4qYKTSqFSxQn0PBNnzLp7LL1tr
TIf7btVio8kNSt5N9vta8gYVTCfYw7EoipM0tIni/Rqhykx2TOjoBCEW889wMHd8AV0pzjJV9KS9
nvKVsEAZQsxNdtvza3SwNmU53qtBPMAGUuUmpRXkFd/r63Cqxm3koiRcyRkaDAf6Hl5TndgJySyl
jTcNsnq2R86c1YX1YiUPA9bqeAcj2QG09rHTEStjslG8ot9sdYs8kpbQtQTURnSnJwIq403+xzxA
gHJxuB3nflI9HfpDQcPP7Bq03KDfci7wJ08q/GoPeWIsbtAMNT2IXEJWUHjrtWoy8gMHIrLat7kQ
kKAru2hiNMvjVGp9rk8C9VFscWgHyuv38IlsrnR6wM03q7cNk4/tNprc202ZOXHPgqopC3t8S3Qu
l0c2APWn0VjJ/JtPuead/JUJan5ZUdX7bkfsO5/m0CafVNIBZjgtdNZq7U3iaeyD/bpQJA3pH5//
7tPlbnMSfzHhqM4jSYv+hdZy/8f1ZK2HpsqwVq+73GPNCzfT7yu3Mlkf+OjztAJ6MfQpoI/LshMA
M/bB3K8RqBjrGrpiriYOA/UKYiRiGxWWZIt6jYXkk2X6Y5k5stIA7Wsyj3ZKzQIOM9Yn0tkyeKel
4Lu0Nnuuji4A4wqH7bo0m5EU6XbUZzKf5NyEBU0tFoC07kPv9hKPzWTeVJzkhkDy8F9QmcwY7Yfj
slgZXkOCT59PMpTDiahFC2eGQzaOuPxZfpRTwb3snpIRU32Y4RkBK/i0M7MmjfnPHDiKd9BAd5uB
Y36uA8GAGIXgtXN8mNymi9+PcFEmSXrrw9iaL2/6xiVCIpsavZKJXYQ9k1TQtTcF9dLnbNAkv/Sm
YML56smLaHAUiS1mhf1aSiDrc2kSI6uICla1wVsjnG5yCl0SKnvLTb5ZDY3/m+NuhdD3SdNmMQ4x
psNmkD4uLHm/tnNzX/bZFbUaYfOm1TwG7msiHkeD12xvFtmRJ4K7DoGkCXyfKC09flAjEc0eUmIY
EvvZNHwFSdljIADn0m4/oWEQE0t8R8L+1Iw5EHLypKHBhX3WNnimMVG6/WiEfEGa7I9KMCVkJc6V
uU0hTU9Varq6fuhIDEnHgYBExtsO2v2pdSPL+j3Jd6Oup9RzegC9FrGY1jGgzZHqN7asV2TzKleG
fX+Z7O/K6j/HVmcasMlQs1oy1FygcjclWnGPHR7nGLs2BMINLiM997e6nAobRWPhHzDPeDI3AFKO
ZuWLkwUH+96H88TDGbXS13Ck/qfOhltmCnX7U5/GlElFz4hBZ2yzO2wo+v/4czMeFXnak+XJ1HbR
ONcIZlJX3io3iDGl/iy8zoy2fogi0geRRcc5e2JDdPUNu1aC45Ar55WQhf99aX6s52nsLJeHGMer
ZwvzTjpJIUSHZNTtjhX65RcJjicysLTCR4m0zDYpCS4vO9fm6eFGuiuSb75veoY2OTgMCVxRywca
0YmnaRzNnIwj3y+DWCXdO2lGQap6HCtovsGIOQ2JrM7EOGL0DBogKizVsMfWBc613NwzNLDP6cbe
z0zqrvYMZSd7wHPhDtzdH0pNK515cbRCW1gKO0V25aj3JB9raWT+Mk9gEdoFKGOPmfeJLeQ731it
IwuNUlgITIsYCnePpTHApeQh0kL9wBSv9oVgUOelVro7PDNfo0nhZjON4bm1T1twdlY/TI6mQy6o
YzMIex3ISMnP+SoHNwXVQxWv9ZZ/YVmZ5C9f6XNnpIhPIxPnvsJEaLS+CFtiDchNw23VHBrBGojO
SdoU5NW3WA8n0bovgJYwIADAiTv/96TgvKVHDFZNkfZ+TCFhUB23lgoASLY2OnvbzDf4KEuYQ7r7
6zlG1/pyBSE7H+hAKryHqW2CM4sj22xmnkVYfY43+bBs2iUYaNhYnnDSyyZ2BeNWkuVR3qqXP4ph
OxlpWSM/oTn8BN2X9bKgCVHao7ysQV+aLIYCdL3P+HXNpwnpWUL8Qna0AHEMFxr6rXAgIQY8/gYY
n8W7RKjzyhOfRU6DRw34l7fU/1KtnbahIlgnGTkgDmWf6UpkKesbyL1lv5O6ciDj148XsHVsTByJ
wdu9AugrymZ3TWaLC7BpASVfng8lBzXoetFoe7VkORgevk1SKUJwqVRx6cdp9j4FWbTGEa4bxQjh
a3Lto8HKLM6+HLKaxDvkUXTxJSqUbYlOspw8SZ0Hnroq1WLOnQm/dAEztxuVLnzxTe6POR3FhVhq
gZUwKHJlmZ8lTuSDPEcHlJ1iucfcvZrdujbIOltqGNsTa6MdG/oqff/IAYo79jiA7XPSHoPG4cP1
OZ43+IqNK5zHltiKcLN7GA3Fxx+eT0OM0RWmtv3HKK3mjZ9U7kPWiJQy66veSAMHWMPbPUS1yO+X
gDqZC5pMJ0ETdFrxjwH47qjJXVtqKO2+PaxMaP/MAOEHK7ytPi5zxq1EaYIgTGjctNMWPNLQOgIP
NvqjcCrP1IkbOMA6Ln6JEDT532qKcnRi52eB1OftmJ+29T8pWJDcHIIvSj53PH8D3ctOEfkghdTl
0arDHE3LOHbZVe2RrnYPpKPe88cJ/PH9ql2EyfcmWlWWClUblZEiqsVclP2E0pCrIyoNKM1c8SlK
C3F94NbLVPQF5eNxmB4z6/b/3NW/b9dDTmixlP6jytCscgCzvQ80K0t1uZXKTYP/i8dVN8R3f6fw
of4IrwAHMFEjk9+NFaUFBFLm5mUkTuwMst4dSszB0V6B22ywjpwCFbgDiKklGhvto91Pi8qCtxoM
p0WaSsrUJ8a/6MmU+/433tvAEVmEgRpVh8wK4V3aiz6pyPYjpO/TJuUgfQY9ooAcNhk+dmDjV6VO
sFJH1NV12WmUnONB2ILYXHewEfh50F4oNiAn3aM/a178GLqvyT9R3GFhv4pL4SHnbdDvn51NXgJp
Oe+Hb2BGGpg/IKmhVHN/jQriQAkPZoL/LA/yOCankesdUsbThoqr5v6jzwExz7KTtqM23AXKYXp+
xWrHFrPF91o77KnVqXe6y427Ut/ZwHS8Syq1S0ZahCrHBcPMQc6yhzkDg8zhJ5t+St1YqGMCFeky
P3P3SCsdCP48AkFPgzZ4+qd72HU96MuitnfOJxFoT0iQsO9Z5oyeuFJRcgnA+dkfKqUcJxnclHNd
3EE8Hh3uKrojLcXBAAekpYLI0r0Hz+RE2rICccfyb0ldi9WK2zzq7FzO6zBtlbToOBwEepuJ4blU
W8Vlc2LknZSz5+BeWIRRs0sFRhI892wD6hABD7YuAuDgYqd3X1v36kROwPAyb+HftiO4JvosZQGs
qNn+GY0dBcdx2Cnog4ogc0yGiYAXZ1NCNxKIMP7qJlLy8jaiO4ZDfL3/hocgAZ1uTKh9Der8eumY
EzZf2LBu/n/j6PY2vRtb0Vtg62NADTGe7LwZB4Y+pnogAs7F89VCH5SSvQn49lctWW5RZfKRPxwI
73TJq7IO8g4JUCdyH7QiSbH8jar+IZhVv2uWkxUYDt4mo3AJ7ZfZSb7xebOv+S3ipGvyhxdJC/f6
3ApG9KqlCgJJlXujeM36cclONRYBMOHEUHA979cZ9R9bVFLflevLTvB8RcIERXujtrQAgfHUw05a
B6a3JHdXKF7dHprkftoa6OSrzfx31i+qaKHMyvSnguAJk0J2/Sm+kH4dtmBYDTg/+LaQvpwJiKuh
RYVwnOvrnX96oLG2V+Vc+zXqPRyqkW8xSHQdskSwk8b6Kl83ocIdH3xQGPErWPN1oqExjAaNyBuS
yPZk9HT2VlWFGTP7/9RmPAgP3UOBipWuyTKv9EvegmkD2ZGb/XUfT84HIQvN1dvEC/LZxTF+Kai9
igfg0YuMdCugaj6l9D2EhOiVCiDEvgZcRRzdEOkuf0WWkCr9wWW68OVRy/AILr111ehkpWhUj80w
eqj80mDllggyMWbuXalE6YN/6T2GXfhZT807+UyrOTI4nm2fXwjNXRRcr+ptKZZgVO07nM84/iyR
6yx8ItOg/En9WgVqeWTuySUVFrGN56y8NbvPMW8cDb5G+rUW9ETyoeX4LIywJQ3Szoj67iHeKGJL
acSZpWjQxBgeYW/ugS+DvFV+xo+KDOx88+noOXV1VnjTixMQnQYFiJ2UPd/UAL4xRAGexkLf4vGp
2lSYzJS79GADcjehiQI2tZwQpbkPS0xeUfkBoS1MrN+Si6uGh/yDiohQ5efv2e6hT2Jte7TJLVBn
zu2ZCnAgJoBjgJLAPFNIO4hmAYrHfsPQG/Zc9PSgJZeSiLgkZywB9Bp8EfrPPvCJ0nqPqPh+yKT8
Fh75fa5rl9TJg6+oAwi8Xo1Ac3SE1alan1JjYS/Xl92u36Cpf1gKtSdW04ws2+TXcPgz14CtDUQh
8e5NR+8lZvQTvDnkHTqLT52pZKzEDh4NdclnWVlJ018ZUg+el3Cn0UCvoa6Kpix7eO4rc/gy5RE4
G8PV3qogZdLyH+ei/GFerL3BtquTdw2ma+R+UI/90BeEywxsBlQbacaIZuuvi5FIi31RyrpRmt5c
cWMATpAAomNXUzpKumpbxzoOJ7bN5uyB6r3gClOsFKL97DoryyEjpYLnFL2qTk+cy6e18Foi7oHV
L/i/AJweC6HyXVGUYVWqupVtE+oy50fbwaTc5LO7m5rr2mECWnBvxchGglmCSlheYTCaijyafsqN
XfAjyAn1YQUqAKBUFWS9kyPTN5ybBrV9D7NhXyJWZvGe3yyRiTiz+qF/y9Gqd8fgjsuUHw4arydJ
tzD5k0DbCmEAhrePvY69fbJsYE//a3flHjqZjGnC9+/QvpwuP9M0+nvVbgY5nCdcleT3J7+sXyYX
ceuOTZd99ssyWnVSxuWXqcJ4UHJ8YY33TaUmvj4MW5cyJjdh1d9KhS3JlDLu/djfhrAsEp4RgTEt
eQOkLXeUWcfgZfzOADd1ma7Y3h3DUmfoGPsn9iuf5+XDH8ssbMqA/S3CgeVd85rEbVncu/z2sgOL
XvaD9T51mbggw7UkorublO7DqmMrRIgzohPdPjvk8ZcJ4chuwa6wI7SjJo3xbWSJ+lGYFIDyw/aM
Uu9ALqXrrPlrJU0dKMOtHFfD5xdzdU7cqGyA/vm7qf0ac5piqyJav1n9ijRY1RdubfFKurcBkYwb
26DtAJvhXoCScD50hxQvgAqwcgCbwisAJASm62F/jWn/Ws0diAcHwTNsnTP2s4w35J1K4FYOswww
kJlvKomlbbd7gwNarFHKbw9a4P2n6KY9RZ+V1ZDvhJa8WQYlDrIrWg1BcYKSwS7ewm/0l8jQOt/j
LDj0IGq4juJtojWtpub/TDBUHVQSGZDhAzahQCVFezvD/ZDHwNz1hyEI6uIvDylzrtrjsrVx+ToM
s1Ww1LhuzOd8JJw0HIgBE5IEgBW+73Fm2qdaaVaZwaBJWGqxPZLIzxHx7wRThxez15WYbYpQoW9L
hurciXGU9xbvGxOADf7we+RJRxJG9yfKa0Rwo+E8Dpiw8NmcGONvA6A6AC6EwXduW7Tm5dZUSWP6
T07+Lsgw2Wx8uJ2B/YFuJdjmx6ZwpSH+5jyWCeBT7ZVO5odtK2mAaJkbJ/bczs6l9QQADhHe5/oY
YV/nvdYs0+qlHHDJqBNCq0fMrlmpYpDq/fMMAmfodkeOSOjqNPPZ+qEX6Au8isca/vahyf/+xyiE
ylptWTJUgE5Q4OGSERQtVLAxBMaLBeJFeX3dyopJ5acNO81XZexhKLvsGcl5XlWckwLXTfp4SuGm
rXwLGmpv7Fjd51gEzD7PaeL9TTxbJcnPtd0GMX6wFtgaV/ynw6xYfYy939JFuwfVb9W/cq9Jf6eV
QLBezfJ98fKcGnMjY77L/8W/aUR/e1eTX3TXLOpH6fGCAJZ+uGgdH0oh+p7jthl8U7+dUpyKN+Uz
txuJsYU/OzAcNwd24FJ0jliZmI0Oe3twcOpBDpvg3RdJ7FYHOld7/qvR1lt3O4jXPQiVCA4zSXIo
rCaOzi/jd019hZu5NpjpHaFuf8hwO3ypxu7zXFaUNsFINXZDJZBReWnMr5KlBymsIgWBpyS7xenZ
E4u7I6TQRL3yamrTMl3iy+fW1M9/85m1llQEBz1HICyheOijxIDCiOEchxz/e72uWL9r739dauJj
v/KsCrfNMMcco2+T/JGHfinPDcxDZ1tCHdfsxVpGAFjWLqoGrEB2aBewqtl+JiflIN9hKXWNBBsJ
oNFUMahIYY7J82usxCVPr248HE41xxVXwicicGUPxRlDesjLTNqfbm0zfRFv0zKRSXp/a9HM/4dc
axfQRODmDNHea6Cnw3LTtOdVJL4H0BF/zhzW7bzLsXlZmverhZsONKChvm0z4Hjpv3EmkVrPw3i2
/X2vAFbDywi2Tushv2iX80Pu1CXUq6MwfsYOE9/YLT2Vp8rTzaXaCcVBBio+z5521RqtAqbT8Wt+
XzCN6u/Fcs4sma1WrRPETB3DcLRJqoTHTmBMPMJJWGyOV40LFoGphdrCp/QlPb7bG9CDot6zdcov
tOdG/id2uYQOgneiFyGxHmdpk51oDwRfrni2LfH4iRDFX9Ono+hmcF02IGHOdGbCvEvZFhQ5o4n5
zpuBwNd/2OcK3CdzFaOKypQR3/cX7eAHOMd2blL6n0Sj5k1nvv1GWUkuUoeKKiggNEnqRhasMhWv
4L1IpMz8jILm3MMxbyghp9qX/DWHOXABpo45nqFj7yp2LiJ779/Md1FxQh4zGPm6WVSZMjoqfPIY
48LrED7s82AJLtQ7qxffmW0UjZlI4YWv/5smY/D+wLRbkiyTrtiI/8sx76CAXsscv0w4lqWu9uNy
+zOF2g/BGI9vu0oFJ4W2QN7z8R2zz1iPB7SVWb+Y+IwLDQz35hI6jiJ9B21ZltKJYt28HA6D7A0w
mzqS8rZ9hWlbnwsq0bB35r+l3tiNA9439UIcid6ClJwsRvvxJjZXJ4Q06A+uwdoDoPg8yPgOnUod
SB90wqJLVlj/d9isLd0OmAzowPWYe3kmINjLE/pZjgtAZ7hRRv2yO+X/+2c5r+EzS54Qu9LCNkXQ
+QZL68aADjDi9z0AbKC7JFgjOwAKZmabqhysn76WCsUNY+2ZXSoPnVbqPVmzhh7dpMwuCSAb1qQM
Cuci4ZYBCYCMlEt28FzvfeheYzJ2C7UiIdv74iTkitNeIAPNu3izG9meIkyWB8clFmeCrKL4WxjQ
bfjnxxYxxJSk6g0RQSJePAc3y70nJMx1VsTqxCmA7XYuW3bNqfVPyDxtWimPfiCqLz1FLPyOvx2T
IRe/h9P0vFiS10c747T0gIPkOl3o+3/yhCBw+DfTUcGawmuw0dWiKXwnW30BzG9uHFTIgZWtz35e
RS/jBDqJxj4XXwK1jRps7evV5Ba0ZtYPbpk8c0+X5AoIdJgTSn42Q8WBHZ+fZlCTdonLpLHRFyDW
rTHs9Pq/o1f/IIvbfgSND0ltpFhjiHJduW0cPgXYBcXryzOuFtfQ2clydXpjxEEriB+vo3IB0XDv
TQAKjT2vaHbZN/LYLfWtpABK12QBlDEVX9Ztu2aXj2ChbfB52DP7HdpEMcUaT1Vw1UOYG/3iNSvw
mau2Z+OY5y9avjX9Vzgkbbj6Rzmws9GDD2h+Eg/XTw0pr6k3wddjilAOjLCTlGE/UHGB1ZRLEyhu
W1y/Mc/61EGUnVNAz1ozVNflA0xCH98xqNvheWJCCHazegi5VlULaAKdpH7ZOeQP1dFilQ4JrDRb
dRd3BAk3/2k2upDlZDO9OvHBET2PNtAfKmSQs/vz0BmlE9NSQzF8thVMpqAAwagmjsS0nuwpmvUR
1ZBXjfZ5ZbT0cv48oGldTfbr0TnOJOukFR/Mu7otDROUBR2UqsbfPF6uNFuf77aGeMgi116paNvG
gPlOkjSS7pR4mMTQL8IlVCQ8IP9D4R4wV9bIGu48waHQjEDkttsbOJNuK9yrg8K8YSu3wUzPLOWP
KwGIKRAGU2g/2JvVPGZ+717yuzqbw0We4nYupPntmqq1Yl0oQVaFgAIVcKH7pvWt1JshaXzHWCdV
IOeM1/lO8YbPie6XAdDcXn/8dek1+ZqQ4k16cbCv4129LNLor4ju4qa24xIxA+b+dah/t+u0e/nZ
yT3sEgRe2L/uT2tE4j9HFNyHG1+Rnmf/ROn/6rw3OJyc7uIGgICNFOV5hI+SONicMYD/KvIYA2sa
YHJd4UaibCXC+TAPR7RUQ1Z4EjT/BzQnMXgd+OfB/npVuORsWWPjM3VcwalzdBxgaH4GRjzVzz9+
pT8a3Y60W4kCbl77sfCS3sQmmMsXlqHBE/xo+zFqSN42mAO6qtcs910YbVPN3tPJQFjnJIiqXxXP
wPr76ASsHIKXyGDPp6+zek5TLcxKKmwQaDwLy8vCWdJRhVMfJNc0Pust7WP4EwbC0vMl3FUwpDZ7
FXxQHyn3v+FuN+CBypuHVncVp5ydOJJ24K7XVqcPRuIrevALsv+QOL/VpDiZOkjaUiPO2TJ5xx0u
XB0iPODI7OwYMIa3Cm+4z+Qj2CNYZOyAXdGbOnQMfepq1lom6FHHdVdEm396OLhIdqYSJaoO+/oz
WKrFnUqGltiX3fFWRaLHeF++vkZgOoZrGnbQeUgA8lzhQxohT7jrzI+Xpz86KNIItU1V9WtVmM1k
af1UWtM/NFy4O674wWOdeWadUgylH/2b0etpNAyd7/RlPdJwBArZ3rnjvQ61YFdRpFKbSFVP0EKu
jrMd9PWA+fG3NHfaGp+bwUpi+Y41qpQLok0dxpUUpLF5B3TQOqigcWAqz1zDL0DBSmdzxgVE1FB0
3xtb9WTkwOoI+L9V8yVKnjSgPV5Iihd/B8ZgjHNRDvXV5asOyd2D4P9TfR3PnOn6IBW0yvioRjAx
yZqS9mN5qU4iValez0gUw+dlpGd+pDyrl+7sFgycFKAdjZ6X52Tw/pFj0/r+fdxEzliYzEnMIRFN
OK9oaL9pm+GilKW7ECidxr9K84T43e9i8IG/Z9UUuALy4apdUO1hfaFNmc1Q13UzUjfiCRx4oOHR
57/2POQ7QI9o/wx1uRizMW/UHaojUpGgqu/H22yWsMgJkkLmku/F2wwO/lhOM544OCo6qk3WwEgi
BiXUSmMt9ccWRJ0+GtjJ7oJ5MuTEf7FSAlwCQEiP1YQAiA6anae+cG8aDgDy5NCI0BE4kRFE7sVr
1oR0b0zGC8zPw2rzBBUK8M6vhsXU6qNcq+eP2Yhh7tIJiefHX/RSwlLS7vibJx1NhPAOXiDGkJq3
S7jbjASB5R2p9XFX2/nvvAwAHGeAVTVTS2JpbrdF2BAB72YU+y1cUHci4R1CykkDrYF/G44g95Gs
sCoFvLUjkZwcO4Cljh7IdBalSBFX4awGDxd+Wpgdrzo0M+cKh8XNNkSsIUB7Gt+rEWuhore/hILg
Nkf0IGDhDQsEXfgqYsifUxwHHsSpBaDxt9K0A8knbUgo2h79dgER1PairMmmnNxpAtoQxjGk9AQe
Ets0Zr735M3Jz/6OSBeZ3ZcXtwgncsYCKKj1b4SXPdgcWxc03dXeAOsU2vZ42jjVmqQOSHn5ESE3
UJIrwBeSwTrmaur87NYKCmyZXz9J4tk+w5ObKHahXY0gInnCgos2CBhxOcm0xNGtuOOGGAG6PL+i
VsJUnricjFsLKmJFvctc4Qtd3natz/+FR4pG7W77/oDE35EoVTzn9KC9+DA0yG6o3iJ27qjvgYyH
PfFYpvoA019tbQ5jYAzjayENWkomR04blkMcsztna+uDaktWLyY2vokIftFQeEwBd16VNmEYpKHp
UfMwEoY3haDErbarYYj9ffbFx8s78v98+OfSXlkfjJJsrkBcDMSo8BAx4p3saOGqIJ7iCEM+t378
vOqN0Qx4KkEveVA5IBvlbLq3xgVtBbDmUxFc6nNX0CjLKEZhxYCitk4pdrHienoLbYZT4Lt59ZIA
DWUxLlpaz9ysZyYB5GgxOJqu/oKXoekZCrMWImPkoEwk+ZgqSnbMR8rzgaF1E7/MOnBQ51O5upz9
0x11IXit3WQuXHGllOxYy+ndJtyHrOkW2SlAL11+dplsWCC6Fnpb2wfr+HwnsHuE/7MaOgSFwBCz
2RFXz4AlmuVrCfNVrz8IIO9m6TQa9p+Lec7jsy5dOPhJeSMpo5gGhufwjibQ5W1/3lhzLCKWCHDD
99qdGZVmwU3Y1o58oFh6V9n0Pa2PM6CTatee7+d6b3wCodPpx1RdI18NvX6RtxQtjGdN7aO2LFvz
6zYnAriwTM6OiYpWn/2vApOrB1zOzNIwJJcxOaw65wXU58cdX672SwyDVz3TIbXwLn3b8M9d7jnJ
Q9kp5tZG++5HjGnIQ0YNf5Ro4/tFhsiU3WhXxa34fl317F9XHsLYZfniBeP8nvxHRXX/tDml6rX5
1DLLbzhd5eKUWO+QzZsKDcMXW2/p564uiC034+wcGoy8i1BgUcrW4fDbLJGYEgQeEhSQdUESMa2O
7KGJIlTfNbpD04uYnsssbfFn9hhkreGCGt2MO93rCNNn3MY7YPdncyUt6YXvlNwEOLm7Q0dd3KH6
gq/UV3Zug3+jdsb7gbbw26TRMv9Rvlj0T1H/TZ6iv8rH9HJpqpPMGp0+9dNj4dyHPJ1s0fWc6xTP
k3NhDZBL38oL5kNI85ZOaEEBzxAORzRk7rnNh+8M5NJGbNVCss3CddPbknp77lqkiS2Fh59/yyJa
9tRTHlPseAFgXmc8FRs1Zjr8nGxR5el6dBGvmCtKkh5pLKb5i7Gf/tK4dt6I5bu8RYg318EoS0vL
Sf1idfy62gB9W3Te4EwBi4xhBiFVFmKsEAZZQHA4u0bqTgXxWGXj0i1IskL+APa3tmOoWkwU1FQi
WuvJcWviSTVGYR6qwgsUbGUkQ/EUKgIAMr2dOkdfGnEgym1vckeEultpS97hL6AUA3WF9U6Nndsh
aGCjE2PFmoldMnEbs+qtAvM2g/wn0HfkSE3vLpxTVWLuCqwohER5u8N+LqjB+Zgc7iGJq+eFKd4U
wHFNoRk9NSkBNc8pifv7TRobyGgmhhN3c5lU11LpYpZ0uzb6GcJ/0c6wDTKD6x8iOwOIah9gPaD7
bYuAdEuPoVQIcnXzRAPtxYDRjlRunIxLhGEEW9WEYAfAngGfkCoOG9mf3FTduJw2VLk++PmDNEfy
usQ+aFk16di7fE0UdkmIgQYq35M7uBFJaDf09LGwi07lNHQmQjPTlYcmH2mhBeA8SPRuKZTdVLA6
9L36Bofgr4szaLO/hPcyNdjCsXufn9PvFgIFbDG790q6wsMdIiIQYQopV3yWPNy2GqxaVG/hK/1c
HkJ+9WQDddvW5JLlPy6EOMlQ5ihEjiXxIaZMeuBkzJhyBt60jF40K7I8K08wzU/aDcUsgu0u9ziW
n39A3JFAGXx2UUlXSWtxXLjunQ4G/w7Q49Dn/FOPcMBZ1t+KOTmcmLIKjI/ePLG5No1Du9hyDsSq
bccQrvC+vN6b5mJFkpWJyJ2ferbAiZRPOKbFdR0r9ic0QKukWOSkKSkCJTp3cqi4yUBJLhGLydj8
p5YGqjc9i74pDpvtCKwj84zcFjk9upMr1PPUYPa9J8k2GjtIL6/R3FrecBgT29O9aAPQHTZge/kl
j9hA9D76cZUViasogF515k6F+XrkKAeLSGBt7s8/Tnba69ub+V//UMz0QFe8gMTE5/WvLehRMrnM
cfDn0dWi7Im9Qxabl3IaqZ4x6QNekSzAo/6CslgJI2M+qSXdj9fb8m2pcDukutXUwvN0CftQAj9B
vunaeitE+t0KCC2KeH9LLbxY8phAfGi2y6PDBz6fQfmgA/hOTJ2NO4NgYFROcIxoZ9fEeTBaYGGV
TxXh+oIvwOSVg68Ty+rnV505+vkCeKjqmRs2k0tqsX1SI05FIr6nEfU5GB52V1xXeO8mRjPKujv0
exf0K1xzJ35wwlzsR/Kp3YhU9LU9L2bG08ILyRGuErBoF+J0N/pua06rVKXc+kmw6mLAzuIsrtcz
cbxxLOW9W/d5QMvR9dDi8/e5ekQeD3/qXKvBf2GesiEv81F/TynB/wjL1LXEWlZyOGYdWeqaND0D
vsfqPJAoh60bu5aXgjCqBz9zCS79CXTH+GEB4+ycQCeIDoJBeOVdD0mf1ccqQTNo20uXk59Ifgtq
bpjzLXPOJZ04TWsmOk2PFbxGWTXcze0uVCgbAFIkviSx1QCAwGmgPuzJyl8w3vEtvroFKb91XhTZ
6/nAAqONMoWOsYhGP6aX8SvmozuZBygPks9nTUzcFk/skJ/D6rok8RftmPazbUtN0wP/5QtqwPdq
7ZtTcOwvIX+ijyNjE3KLnsbtMSxKitUJPR8a+9ny7uN2prozD1liKlwSYpQ+40O8HqW5uaaBNFhg
Lnzg8ZKzKRbtbr4eILzV1vu2h0Qog7/tW7QGylIScuKRDttPUDnDxfLVTnZO1InABwb0tv6vRaa4
6Y1J5SfRDkThU7dQxlVggq9JJLROuL5eM63QSmOmzS2hL7RdcJuMXpuVPTh+q9xkuk7qROxUzhSj
Cv7RNCsgAt5Gbp4L+UhSiddLLhm==
HR+cPzCzYCCket3qw+mTuBfHrSjXC5ofG/os0F9YejQTaPMpY04V+AhBJpklbXUiLXhN9yPWlapP
nnoY5aNenn37YfH1bt2Z87k2BZHS5qJKsIEGx1YV+idLJ+ch7HI81qNe1GvxAYtF6A2Q8ag44YHw
02S9luvy8bsYXNTGG9NApihRgkfTr4jKeTiTcvqA/AFPIRE2K4C8kjp8kLtHO2FwOb+5sRCsYZTd
6ZCwa9EXfVolQ6uP/30mSB34fw7MMMl4h/bDdZ9K3r92oS7gnji4rFfYSiA1m9/AU2XdPnP166G+
oSqXWMS8KN1etKc6UdZdr/AUFT5KmBsx+r1tj10GJV9XuI79XgqrW15SKnjsUxvF7DzbzzRPKM3H
Yur7RnIlMr1C0RSuSYQyA34es9FA/r4kiRbFqrGk1GkSg+K3rwZu5maQcXao8vLNG6jyA9K84HMG
5JiDudsy6R33cxCIYtlqQoD7+9e0rGN7Xpbq/sUgFtQN59UEQRQg/Lwldiv7haKexw91TPt4G9DG
KMuCsIc/aPM0WJzuj/WKMjr1ebsF8TXAw8NEBAAGEjTyUyPAaC4LHaq3tPkLh6mj1mbEQoTFDmCe
gJZfVjv3/+fTSr82NHK3g6lT3A++tLUGL/pI+e/5FRx6gLwJm5YG6a6YVTqcunRVgx9NngC2tMpE
Bwl9VkJ6lF1tmw5yExMczxNJZBK5l9G0mrjBytjgd7VB2aWQjIQIVTrF0nqpNs2qQk+uZcEojWXW
j0/M5CT4+UGJGFJ33Bjtit46exM9/C6ogjf4NTGYhM4hw59KjZz4CSbu8I7OClJfdNeEt2FzJKO8
tfg1D2PsdfZUGasFxre0OcqqMwRwJtABPtrk/TvXqYSNODfvc1OwMWxCeTWrvJ4X8Krl2feBGWMy
3ZU1blBIMHkvJOiXI5g4w19xUJyWYrItAqaKaectHhw6wZHPTFZNtTIlmg7TJXOdXfVVb3rkUjSD
TId/H6A0ZLhp5hfamqlhd3D2csbTZ7/XC2In+GmZEHFSpyMzy5xEuNcqlIlYMoJ90NHK5h70NTkg
r4T2A0QfastFH/gPNiWdKxgKuThytzwj/riFcJOFunFuIaWnXeFitHB/CUY0KtyqlTS4RMEWiC8O
iFttG/rD/ZR1BQmzSeCmuA947iT9TvZDp9dTS/N5qrSlUv0EtQufVArXTyEs7LrXgknQlmP7KKK7
wsXaUdxtk2ekN2I6MiI3IlnBb5fQeqVCGPV9a6tFhY1AYGeI7/F/cjtNEiwfnCQS09K0dG250980
Y02209K0SdWzdk1eaxz13Mmwm8U8Y7n/eq8rYc5FMaHg1s96TGNL3uSYfNvhPoOeKbeVM6eWCWnM
nvL4n/+3grQ4Njo18dnwIaqjJ4DI49WTfQMAs3UlFexiVDPvG3uOaewq77sgtSriPmje72ZJoOaU
56eEYvvkVd/U9wihS7AIbIaul/MO5Ds3tGy1tM9mq9gvxZhYpU/kk4rebcSoO7CPUYUBykLsjqh0
RTQu4rLAr2RuvF+y6zlmdTs994CXFc6SYPVry8e6teGx+ysDy07OBRGK5E/XBFCRI96j1b51DNhT
PVy1RUTMtYUfjoZtrtMX9OWpF+qOwzjJX/wGbfD5lfxvacyPjE/mBlyZnv4eRdPJzTCRdFrTETR6
mg7a6Hk+J/vJY58CApilX6db14/q34yuMa8RbVzpzOyErNpRA4SO6BclMfi3m0GW152LmCnd0Pfv
c/bZ7Up+ZPKj7eHLCyATpWXyUqxjfOBr/9/vjVqAR8vww4keKoB/48GBvUi8nr/PqUIBK7lzhaw0
2LZVYHO0aVcc0QeFLa2hA1IXaDCwV3zuK1Jc+BAjjUfzDPEv2/yo9NL5S34evfuohuRhaCwkJbfx
GuCcFIul7xP3yxvmtRhqZbs6OHLlQhb7PJlqbkabCBs1YhBThql7E7SSq0dguut0gGKf6RTH1ShB
JUUMAqLl1AsN8uk/80oR3HIGuGu2+uLU3tAK6Ek0kxU7XVxUe/w9M6VuiAoNc9TBros+x3HPZj9M
deip81YDA6sk8Prs9NzKgSubE0/oOtPpLaFArLKv6XgylAR5bJ7o2GQnxhHezJirD4G+YocXb2dV
B/P+EnS11AsuWQAjk61FHh3FMp+F6PwgzFMF21XRQzTfkUEwb1S3VKft09oNMmBq3f6R1ef8SLtn
UiTUCGOqxK9KANrl/zIVuI0jXZU/tekuXg+WjLEBkSW8B/6TgqECs7mCTdX6cIk796BPOqnmXIem
SgzZWN4Q0M85jd79/Oo2FLBvJyUglQLmj7LygO47VJwfOz88q1ihTwYOs0kvuW7It8eratwOvaTT
zPb/MrKRNGCBRfWjiphdelgH+0FyBiT9BOLH84Xw7Md5/9yfV6QJQ565X0gMLTcU7jhNTczI1Id2
S6gHUiCiToXru3xFSjbsLlNSArAd3LU7QY1szFw9Yym/fJ9s8bUJBhd3F+0w0X0Wo+Ijbaea2jRf
HKkLuCnwP/BORF0xRYBv6pUeRzdKL+AaUCE1OAjdSQoCrZFFCnpDY+oDKHqN16drwnVip4xlMQpG
PkDCgptjXtYEzP3usI39I59oGHW9AowH93BaTiCAqMT0S8g7vNVI99WVQINHGn8HhrqvQH40w2Z7
oBu3p/HiuF7cRzLV4dpjS9AvKotyKVIfma3SRGhz7OOwzJbwtQE5OxLHl4/Ptby7bwAPA16wqox7
LzUYnmAWoWYfJm+EnYBfJwZoPvR/JYcahsJ9zmYlwHMh6Ir6cBG8LL9BMvmfAnhxhFd38hv8ahcz
09FRzB5mwW9hb5R1LMuIseDHHb55j8JOHbfRJkna441R6XW6wcosPMN69EgKLWSnG4c6EQyklB9f
fTqzsFior5zU1XmzpCQG1wfcDAsfYtZNiGyVKbqnCckbVcOJg0O76r+m7K2qXzctsTS/XeUxohA+
Wig6VpKB6o+/KkRWhxpDfrnP/+kcHgbY5mxScp98CoqIti2ERKFCmIH8s2mQKhtNkAXGAIjp02Ti
elmkWsXHBtZYIwAZwvFlMz7Mnrpgmy0oyovf2oofuMudtbNN+nohQ49RA+MKLi1LjCWEQRaiWgnJ
yr4nARlQuNoZHWQ/Gg4mdRIq1OW6Q+cx07FPx5tZJD9IAYYNdj+4cTXdLb64EhDCi7U4P30oiZtq
qt0KcxhdqAVRUtTPL1MoBW22dYKt66nnw+2pUjI/Qs3FdQpQDof+VPm4PJt0ew/7nKUOxvnea49g
Qj7HpwM8aNdrOJTpfVKB+lLSU4xPUJfBac7nvn2EGDeiQspvXuWqyfVTilOTGHR/d7Gs9Y515Zqt
jawmKMU347mb9aK6dP0D0vLjFgm736Y4KzApfAFJxjsfx3UCat5nt7OhzSGrzoDRkTQ+9t2j+5xG
CBFEUi4X/hzXuZ6swdhLesBMINdlyIJxvhdQ81M7g7hYl0Cteic7dBW6k+G2Qa9WJ8qI96gfFtmw
SUrMr/nh5kqDTaLlE4wlG2H4zWi9a7B/Cn9wmb6x3Z+oP5oWeQMpKjbJXEaJFv1wMt892yB9I7eg
YNL2C4vW6AJjUxlW7PkswL8GBdtCqaMI1fcMhU4gWfBrK8mXtqVvw7CLD6iAFhzyA+LN2zZwFzu1
736PexAWsjdLAmdB10HP3Tg64F+1rl9v9OzKH11haj0k2hwfiIMJ0rX7Cu4uk22DNGsqsAFUnFOQ
AYkLyCIyJSRQM9MK/vHIW582xE3zYptlrGoGe0+xdOuEAcJ9okx0CN5TLA/nsgz/D9lQvu4KhPSf
y/8R873jgDnM0dQrUyXLBqxxuYY/c+nOU2E5wvvsWH8sl5g0Lh7d2jdTE+oZlZddTNzoH6RtL+lT
1Gmk2FE8Dz31Pg5UUDfdr+WLqYCjDO8BRlzYMMUZN0TpW9Fkr16GqQ/1ounrb0rd3Cp3S9xUci62
Uml4coNWnnl1L2sRE3B+G7zSMrS1nzjPbLL0ml01rFY0YwkC+IBkDhMljRrPndXQC/doL7FT78eq
XKR9TffL0OXfbcpuU5lwzRXQ9W3mImhE36X7gitJ/cqn1GekOAwjSt0PUfe50CjHJKf3zT/UK8lh
RQ53hci+KWNKZMBak9bGCCkwar5WnDjsfWiVe9gzNfi7T17Ulh0lKsv3Y5KSVlNrWRdpAwm6bf/K
RVWuriVgWuTD/OCxGRJSmHa74Xd6Y0sQBJQkCUZQ6+yA9eeYwQvEj5x8LM3tO81oFIqYGaZ5TzEm
pcf60VC2FQX6wYVbzVqMgFyqnsO/lY2cybhLJN5aranqTEfphBpqKj+siLz19XHWRcUNgtjXBphc
XL507QIe8rUd2zVKAgIUoz694B86bKTNacwAY90eE59u9Wn19fsUDLYvoXbccpEgYrApSh9fAczl
oADlaQx88QfxDBwKy6AWRHOz5OVAXOv8Ln2ksk1zjIw/ei4GSMr+TcWeJ7ovQ/JSPuHlrt/KXqnn
1ETkhNMHdr6YUdGrpiRynk5AXhmZs0cGfLAkgZYsRxyEqTJ6t54Mp5AWyxVXaxzTOWREBNHUKST6
f3Tf/fcv8/FQej6lLQrSvJJZsgCavziFXPJTqbMErcBZLvVTftPL6Am77NMYU78HQCITHMFYpu6j
dtEWpSF9RqoCd5dYcgaIYNY7ZkHWbXQON2q00LlcHohAue7NP93IhHxqWpv98OsknxiZemwBUs55
UPwDOWRJP/kJ69tqdFAOYpVJZv0t2mSdHsIDZyhF7HtHv8It4iNh3MZ+9uJx4dpA+YwCXp2PbQgv
ht4tKnuDaVTjsB8sy9ZG+AHTXBSrMpTleGH1MoQXzWoVROqz/oQoKnn2DfrXOkUP6L2/8CglxsgK
FND9Q2/fMehjluz5Uq5kXLnyRBWvKmqc1JNrqLBDNzLUH/LpnXAAFmFMFLpHdPc21M1NkecdNiD6
5wele+nxdUt9r/FJAUmSoXJIRhnn6xDGgczFbr6jRZ95qceNJsSKx+EpwfNDYPWTmlmTSZQW1B6I
T3/e8yTh2ZvFRgelmQIZ4Rs+kLHo3jJQ2ZTgSSDYAt9BN1Y9W9+spRX7fbxglp46LYrW7axzElxe
b5VEZVmHNXjVn1ZkOsxOlrbNMKxPhiHzlL7N5YZbfDjWI7x7dRWnbaqSYy7CLuARloSL3bdXgdIO
a1vP4OYEjoB4fGyYYn12eZKBZXFbmmUnUWdWjKbI2Bqg7dPRltn3ZKfzVRFctCC/GgJDQFeLsVUE
EDZYs6vmscHFqzeZ9OCNwkOxvG96SIYBqd2ksjLYDULMSJwFi8ogJYu7C8h6G6Gvqb5u3HxkfBTq
ILbRGVY/iCU5zy5TzOADOlLyiImBKA+LEHG175UWIMRsX+dLWtZIBUOr0xYgran0i0zj3tz/AKA5
jvRZ0eJ0aLbTYAdphLYz2gSbyZ8tfB+78gwhqrdrmSBKn6RO0BzeZQx+dpDqAhHP8HVzPtpDGPzb
C2pDd1ITZyrnK+FKryTvKFQA5ANBURzLtCdpparvS4wxvfHjJob9104vuZX6cLHMeTjWXwFyiMI7
/xhM3+6KaGMidvLuOEwWXZy3pfnaWkWoqWOa+od9baNrJitNBFlmNr3N+rRfDC1M+nSvZcrfZBRh
rdoqR5ocIA3mBivF0CdoWUPAM6zIDB+LA7+p01Ipdxa25cfA37K/cZME7xseVxDhW9Fp8//3gEf+
h95hooFKWDPdYKgca2eaCcKnhQJWAT7GiKe14LGpEKfZEXLHS43OTlyrp2cwUENkMQ5vbLdkz7Vd
vUu1d24U9fRXqGB7+4OMEJR0w2yNPgu4heIOdjtCwzcXks/cDPvkysQam8oPuO/oIaMnkZgecQYT
46EgYZ006dzzbK5l25SVpb+ttGbuybbmUqfw63Qw6ITNy60OcUQV0bEjwH6cPB0VjpbHA+vtg3wP
Rv7Lzm62ARpdNpbh3dMCUBRdN6ARLBC3eh0zDGQRaXXfhmhrAjFA2nBO1rDfdPvWDfwF7Snms+hR
4tmHWNzEV6k6iVdsI946sZIkUbYFW6P/0JXUOAMqm8R2+DImWOUi5HpHAKIrQYGCaMIRQvTsfg7A
d1U25mF84euf81Gn/ozQ25xiseIvqPb9rnO6tzyIbHE6BVUVSv7+P/oqT9D5aLOYqkg/PrGCIFCM
cB1SvUXUxjx4aQovaT1p5oHAQ+W7o4bPFfhh2/AFNa9VYOSnmv7khm4KH0e/bHv5zsxU06b+ODry
KxmrkNKOe486Cz9GZoDNyGU6IiOs2oadKxSWiblJltRwa+vjTsnxDPP3aEX2AUG1cVNQHkvMXiLA
uLJ8T3v0CqH/uXiToRboqIomyMY8TB8jJR7ru11bY+M5v//IOGVVliqq35ngYlLFqgOJ5ZZtOg++
5Y7R/ViYfIgdv4Mw5LpWWNB6BoH2FbbPZgy1T7LMM5Cd1lMMjQAfhpMHUgGL7y48B5qmcNgVpH+o
1q8RPLuuHDp3VDD1oTc0ZQUzInnkdrtsqdraYNc9lJWcgeYkHoLMXVNqSB4QkMtstLb02klPr6Hw
x7VoSKN4bvnDJlDAjgj4mV2HqgfZlfR1vcuSu53JORBcORQIfe7LZ49Ed0mqOC7c5JBh6wsqZrco
65MxunL1dsS5fXGFKDSM49NRSsqoQ0wlTN3KMxZUGEJtre43vyssGRY0BTsNJE9fgYFuW9tRxbus
I2dD+mD9QUCOu+kx22oMeTUn002LSdhXL96RkjXvqsh7R+vzAfaCzMTg0GiT8DbpEJFEf3H4RemE
NOrg4FMoqaTmzkiiS2RTSKawCf8lIrZW5w6MCTqjY8T5TIRUVk8FkREZKIrdqn6PL+AeEvda45zx
iF7T/QSi+3Y4ru6w3ag82d67CqqeFwxk/RY58HoEQx/IaPjtjPpIdt6HIESI8lArWgGo46sRT3Ls
URMlaG2/1cfev2GgfoENRGF2oW8ceWz0LRa3eAUa553byynoi+4GeKPq4HWJVoqji8MsCWFbML4H
eR7perELHYhvvPKH76q1BoHemKeUXPslot27TFMOKBMoyJW8mWSR9nD4akTNGJuiju53JEikjjv2
TqyNrTVlaIBxaTPSbSM/jiylfkpFkEM1I5hPAXssWuQsog8pifeE5gqhNRr94wLc6qqBtWEQP/sC
qSQqAjpKlFA+DTrzjTJ8pQy6MuRfUEDCBVhj8yPmJ5FGvDoDmQWM4oR3aNiLTEHZ9gjFPnN4cbD7
BUjkg4r8KXGjDHJfLEJfsvBIDK2va+wTuBwXdl95iPbJtVCSS1Al0vMlfBMfnrCxBocPylzDXSCB
w/WqjOuwpOkAYDEZrkAKJXUMVB8iVXlQo7Pi0gYl9ILMMRLsL5UR8NMMr6MUA55ayV7CMUW2iQUD
IfJg7h3NVDJdSv28AAMWGMLDM51THNmomSARhdHYNVvHN7JCStanY0b1rdAgrtp27NRZJ+xXn/7y
7EQTVYyG4XgBjA6PBkL4HfpCmRPtL4mkmSJnPStRTKwICsANOVOnnagXcKWBxZE07Ho8X2F6yjHd
15hllYeAzyaDLUiMYenm2T15rlr3RnVN9kUWD2C6LuAyDR4QiyArUnNzmvi0ejToNSatiUwgPQFi
gx8V+jgNclnJG+B5cuTQ6Ayv/aisDRDvG+XnE2w8zMZOtH6DctL3JqQtNR8uN5+TNLlVGxT/C9Md
xPulOi36Bn7EahVzwCCto0OzVHXJ0lM0XZG/fhr8A1nrfXDYHo7EsR3tgmDVJ63KuVdKQJR93VzR
SqHytY1gvgvzZGp6qokBEyCXe//OS2ARqW9vrzkiynIUht3CSqFybqFc9DBRHPj9sa71VyRcBJtc
mS8wW8ygjRmV7Bi3n3NRQIvedDWrwKh1ht/1mLYp1xrlcTjRiCgiyQtuc1e/b3co+Cebo4oYjM52
XX5pZVCN6hp6xZirOI/Q7WOYwGkAPrUKJjQmjB4jZUpUbxG5fe34dDF7ckVLsyDTOGrvwhXIe1FR
rx7RVoFs8Km3eitnLPfIJ5KgE5PLeYP8dZtgfRo+QIgPAWtRhbTmqy662KYYjMCKrpRiaCfXnlvy
dA4NQCOIwEk+mbcf+MQs0dFRDTJ8kegFErteWZEYJLJNX12h2AQdUve9qjxvlBmOpv4085xh0FHQ
Mcu7I4BBTgdnBu+C4QG6a2Xz0IC/3KljFeeo9qwqSFj/jATgP42Ftsor2a1JyeuVXWo6MnwrcaC1
kNz/X8i5fun+6LfIz8JAbGFBFhKElQecPUeXhEGWEHjRfbTxrM5uCpD4j7OdG194Ic92Z+0YheEC
EzG3bAbHeJgzarhxzwmfYvzmiwmnAMulsL7n389w7Rc3S973Su7rARulvvzFLQxR8ZxkxvhAbzxF
wg9J9vGFC0A34kDzfnS0xkJ/aQo+sK9PkYjdT1p0vXls8aupsHW4+N6LZfzW3Kffr/+aDtUEOMIq
WxTXsH9NjbVCKG8CV6k3tAxstflEreawvSmGAnYSny6iHb351/WTwnNw+eC1Mu5utK7iKSWFfP+3
sVQMlvB6RIS+rZ/X7KMt9JuvAvGx+vUoZV0Syymmk2bQRWBRrWujmJBOIpXAuh+kbW+KirFwHxyw
LmIk1b+WVAhKgJhBEiw7KIkhCv8NsycN1ROYTaiwP1dk24Hhrsb7ekwAr7LKwg7Bgucvw5hLfuHN
FI9PkLFtbtfRGrETVgkp5NQ6k26V0a2BDQ89/F7UKVDmHPN/pUnQdU92d73UyVAzcXcZgRGAmQhP
DUr/Hg1T3tPlg94E0FhBCJCnTbHztgSSyidGaZe816azl31lCv1P0MlZSo3/w+dWHHn+YYrLo7Kn
yHoY0aDrZeQ3WKVLTNkt0VC/Yufx5ATUpjegjsc6h2XJ7BHgu943Wshb5Fy9Nq+UA4VkBZ9VMqof
POpLnbTd+r7l4X7aFoaKys4TVsgEGMjx3jd0morEJLHWIDn0uwkAWegjWq1RVhXfKFyS/J4Dvh+G
WD/e8BUmgnk0+BtwgBNACD5UqP8srAvWDlt80jU/m+sjvczd6JF6cxRs5JGARFh5EQFBOh7Lx1Nc
riKc2hQ8BrQygQYI0RSn639HUPaC7uV7fPC3bYfTj9YDsz7GO8H8YEUucH++ZO35cYH1mwJ4xGsX
yNlGrkeOGcsd9b/gMKYUpphVpr685FW5bvNVDLXdEF/9jNaELo177zdZPq2HQZv/pYajk/zjr/hq
Sn61gjJ3JETOm4YONQzdWoW9AKgZHtFPw3+2YGjbHQJoQsTMWs/XaGJxFNEvA6vTiM12O/7b3aqf
Ju/VBeMLjg2cdOY/L0w+RSdWMU3W3KlFUI1t/JCNR/py7VxrRxsHRKN6Oi7Wkqy81Wr85DWD6QW4
Klau2Yh5Wh4GyTs8QA+hmEteXz88FKwYPul8+SB0NQkUXm8XKKJF5hgQZ3Sxnvp2cAV5RAEE4Zd1
cPhAhrU1rHIHhb2VRqsVRUaXmlZwXXLdgQeB/oEFEeIqDL1gLFbZxoxhl8JPYdQbD6XrHO8iq+qP
8XBbrO4aI2bJiq4k15YpErLmvMmSUha7eP/jQAES3tEf5Z6qJP5s9vMZcooo3dKHS3/RtnTs+eR9
AtLLlURsRyg0W/1AgQZ0BQcnFskfPPM7T47/bwLV0MJ9yOeHiFM+XznAaMaJxxjD+M6SOmq+lCCV
bMtrKYSLsJ3h9bDe3P2+rq4q8jBtDXe81fqadbIwFv7awhR+oim8wir8woG7a/4FAtyPLlBt2JKZ
t1n21agz1uN1atKUcMqhISlbj8YgE3bngcXkyYtdAVSeHTVJ++DdpOi7NqmlXfE3DTejg4c7Gn6f
tqK14+h8ZKCZARlagbuKWfhS6auxo6bD7SBy0s4onHfMRWRCOP1GmuTfd+ab8x/jIRn3qFxirFEU
fPuqKxhrfk3mBe+E6JBnbCzgRNYq7GkDGVIHhJXwA4q88yPU+3T9oD7eqPHAHe7qU5jMN9F0yASl
6v+0CHNt2GEgiPY81J+ETWpitlyt9g76f5I0J8WimCNtnKIGh1eA0so1guYR6hbiEfh4u+hglcHj
oI7PvGRdXtHA0ApjQisOtvOjX0JOPci9YINp/+ZbnEUlzVgNZPIaQueb/T4XPVI0zvrZ4umgDfqe
PZ9+3+PSUqfLM+KxvUmlM54Y8xh/JdTHcUjVVUjPqVfBAtI4G4l3akUh0D0SYPohW1Lq9/yYuXlT
apjF5KWGWtX1GAfCw+7VRU4/BTmDLXVCHVWanFEdhgOqBQ3NkqDlpYTIWVyl2jWcC+idPS6dc+Ls
0nlSvvPO74wXgf/BeynoxaXwCNebwqHZcnXJh66hENZC9TOLc7/A0SSIDtoheLagIApvnbjpPX9W
1MoT7rYN+xYReZCbckY+qIJEShVv1oeN6z6t5iES7tQir6VWTmmgE2Op6zX56qyLzC0ZgAfGDouv
olMIB/G7eY7k37ugIiIEdmdHdVms3PdGyah8SwKGkBm6y852uKaOVMp6+c9+/llO3Czqs7XZsHcm
pzOgrqarRw/qA5+gmn/fQ5Ke/2xYAR1q6pP6+2b0aSoFO0iIbc+5mnpgjdDgR7D6GLMYSMt0jF6q
YmZIsAlvYxTAEJQhldUovAqZVDZVkb/gMT1sK2sjY6Xqz1AvVUaDbze9hEjlcoJMMW4eClNKADSx
DRHJ/rxxkzOuCQx8nKUEASg4PVQVgqYxaKAk81YJCvhacxYb0BMFcTpoQbZO1MkxQ86NU2zaP89S
ta3qTVraP8NOVc1PwWZuAjj5rOAsDS4xBCbjoqJAbO4h3G/paoOUquWm6VS1Zn5GmHGqvBqwakSp
aUg4i22zk67tCKhyZl0BSSDdi2IAPbMtcyMdnrF38vS2fPg9/deFB6QW/HJyNqT9/lEILJr5pwT/
CGM2jaS1sJyMke+u19g3R2i9hOgQYvCs0pQ3S0klYWc9dfZHt87NoQp0CyemhMJJQiiIyt+HP+IM
5A26avisWGpfQlzEW0ymTDaeBaZMesh64mg9+VOjRy49/XEMUQ3AIWiFjYWArmFEHXreIGaZa9gE
bUztTHvmXtzjgPq5vRr4CUDHnA2Nu7d7PwS28JhPhv2CtYOa+8n9tJcnLWF1RUp/3s3Pj+Nuw3GQ
I6tjqvatb8jAYRaWtE87nRJ9TLTzVlTNfx6+ayS4tXIqdYGkOthiXElS/k4E5nJ+U1GJ3R6k6yEZ
xnHvHeSHX8IMMJPFKqzEIY8ipIUz4KqKgFYg3hn/2MS5ZJdVy5goeFDBfH7fYjoVscyJ4AWevFu0
rFNCJyoHlzd8AS1rP2obOpyEDuFTTklPQbvMZzPvnqaS9CYiDdSsSLIX+OHpugeznONp36L5jO+H
z/brZCLLJgLgzr8sppi1aT2aOxXE6X3PAAFUZ4coGOzplPRCgUezjZY6PM/dZJxkWAw5f6YoGlE2
/YdCCGQGyoVTXl4ZliymajnuWeKd7GG5GQ8RB9U6blE2LbLBBtbJbdzBZN4twaQcb0Se4zq6KNeN
DpFPqAs/AmBJ66SH24KIwXESleXh42uHrPUHWeCLFMaGZIJYh0q/hKVdf6jHAVthJ7zypUjGbxfk
421fmMsHM9fQOdRaW0gPgPPIXIJ0ni2D+rQBIdNreBREeDuq+2VOVY0raZ+JBq7JbhZ2hTiNIbFn
QqmMxrvAVdCJt7HmErCbzB+i0b4L3tWC2teo/YH4qjH9E5QPOcBODwqwFmqLxJHGhQSLOfEFDbBF
c5bx2txen7VOuGX+sTfdPFSCwLeR6QuKXda/9WmsI6RRg+4aeWu5GsbqDaoj5iBySIC+bMcPcfZ6
PkEz1o6IIbyg7xHQ0G34TVRsb2UdrTOFber/XXIdL4bJPBVrSTcnaYkJ+ukZsDkUOh2AGw6HCkCv
vuwFOFn/cN0pcOG/DwC+hdITo/3d6MmRWTpLuguDlC63FG3EIaDoG06lsawpPtScs+7O82iGkPeY
KhAgEki1aYgMeOTV1rPPbUcCJVtDwQQc64slQDmg0xGd5Ugg9rkx9tvREyafkxoteS+lhTH7zFmO
VxPEPEOasXAEVna3ANVXU4n+jE6TG6wCcjy2OVQm1n39JSQyePnEWs33cv+gerrAy2TFQpGf53QE
rxmGKSAtljYLjxDdCog5DAzsl+jk0LDm5GzqlrINQHTKNoB/rDqth4vuF/+jHzfXsZKiGXJlUbad
GWIm8Ve+SLtjwBNIq/dUnGjkun6HtoP6/K8WhNjiBXqaHIfmP0vUZdoMKeI2pVtTJbKm3I1njZy8
bWCmTkvJDDU+I4XTeqkl1mj3R50aGwNNhcNhSLh6I7n/nsnqDQaNZ32oLF2yf26g8OBs/1OZcmVa
KGks3LZa5CEX5FIgO9I7YpKAsOlFQz6GUIDmG62bMmSlX9T+MxLZushIhrvL7LIRjpsMoyIMRcQe
MAapP5DhO8YusI0kQFlm0YLVH8FcBYhE/UN1W0sGg9HG0zAnwlwIRJLxSm+mluVpdaofy+tE24cU
yRGhPxVX587OAhgS5H7/cMZISkvsw2aSXkrPqVgS20Ou6BoFhqfw4x0r1+OU5nq2aPiKbcy0klj4
Wd1QIbpKH5fmhDrJqiB4swPloUF9bvx6W2OXMTE6zs8GN0uSGr8kOl8htwCo+AWa0Sfp8wINg2ho
InNNsLE8EO2IEY3ytxka1bZiaTOZY3Tz+l6idHWFtLcENIsQuWrLu3FqaVkij75iaoX7oZASXqRD
yVi29sC3Zff8JrWsHT30svSMjavQwVADd6esPQ1k46Y2JEBmm/DVlR7M+Af72DV4AL3OMLDzvpCt
F/sw8lkerSY7U7yMpq0j8swWSdA3asdH6kp/lr2Ky3lfvMaP+5FzSj54ltQRBsA7sLARB6C/d+0m
KPtyNI6NzC+Ajo8338UhN1g/H1LhUbhX/ee33kVZsAmnUf/vuVOvGVJLCpWv97qI/i9cltMaz+vB
Oi4H/BATEdSS4ak52ktANEps92LNa1RiS46no61xZktdeR2fcKqpTapRZXTBnmPvo5dW61Ke4+og
8Mz4z+nSvaAf3edRZG2zv/1lXIFy6LLZiZYzXDdqjDJosK5iDMeFPaxh3jWBDwJ6n03d5W8NOkTI
Ti1Kdzwm7kHQUT+JYZtxyl1oJaXfUsMfP4pbC3lgGnxiZDOaoOkQARu4+eLOyuTtaNTXOiLir3MZ
RuzzzC1lo/tP1Wnl46t7C94MeEvdWqx1FemXLWiqbGN0kKTTy4jZaInNkY10IiYTNi+g/FCjtLKZ
Ic+V3kohjL5zEJL0PU+TFrACJFHZoRIeeEgIogiPkLX7InvSO2+V+0hyPMMrFaG0cxIwO/sF09He
G7w11Kw+YcdgI/esbl0ST1zxK7eK2qOcqXxYQAM/WBJ9/6K3FVx3QaGgkwp0BlZlb00SgjZkr0t+
w2nJgv3RQ5SzNK307GLavt/yGsyxWl/U+nWFxJJjMdLelNizJUD0Lv3mwRYZQE8Ak6e7VITK9YnI
E9mtAn16LPMmVJCQwzC0FgxmgCKccG6ZkBlDaJIAcEDvYmmHOZHf3cr2RnxeLoc9bEqINLj2tF10
dLS9NOanGcLKHBlea4g/5nJVkeHRTG1+hioBb55V7K6X1/VVMKoyGa6M7VqQA9nFPz9HJWcqQPXm
07KW7fl5FryFgIze0zvb2ukgDtTXSXiG1MAfRgN2QFLeW1KXFla2k/YmiqifxutE4Z23l4Un20dx
DSqF2/v2FyNQ+2NfiJ9Y/EPD7VO9x7Pfmw6N1DyLeRSWqceQROAYnRQ/GNKuCx2u2plzExmJsSIz
hMOMC0ADrnvzxsoJZw7YR5IVuUfocG3PLCjgrUNqs2w+IxEBwc9Do++Tk0stttWzOB9ksYudgXOY
4rkffKfwUEJXQq5HMPl/iuvDsMQKGfpH23MvbYlt3uS9Lyw5V5qC2Eh6ae0uUMk1DX29EZvPyoNs
bOV3yXI+cltiC+M2374Vqh4qN2cu8oTlpjCJaTNNVjfeaFFshXORxpA4wLmCnfbZzWMTDhsQBTKw
0HmG/IIi37Eyh5YaaTeOP61AV8Rrc/UipALkgiQnAA8aPDuW+sy5yZj6dCw8bRKSe4uw8u1oCT+Q
2HWUvX194yuf4F4c5gxALnHV/oaq25FNndENFeH+QDaFW34b9hIjdtmquDHOk4tb2i0O2s4w8jAp
KEOYSzxZN+br9Drg7qIh9IjyHQ9EMLe3i+i5a2K/oUpcANl7ecnPi2OgYaZkasG8kp8Z95RJWrb2
Bw5wQnBH5iWZWCpGunE9Cn+j95pLPmCmoq2X80HSa+gt6hS591T10IP/bxZbKUflSCFn7gCiX3tR
sGTO+TuMLHIyduirkbXEZF8T6x+ec5wysfKF5m5zmWnb0lompoKWkgm7Vl4gmBzB/F2WjnQEsPsy
ivZr2LZHX5+twDmSQ04NC1g8CzXIcaW7uKMGFlsssLJJjR9gULWejdx/3nh15db9JwDL6wfRsDNp
lrCS7HKfxJwvdQgT5EsOGwesN53EaiumkSiV3jJD2iwwK59Zo4Fa8ArNlV1aHxbwrd7V1nE/ponC
l9YGyUKqHvc45BK8/4R1jH7Ghna69VEDurkuldLoudCdiy72ULExI8q1+PDLXsE3TddDYE7dvKAQ
9xL15BkEnnSxovRc/SvgGB5EXDRgTZ5++0FnnvNFrZFRMMUU3YbfkzmbnpZVTCmAZ3sBIwTQEhSe
XWYSQz8cL2Dgox/qb1V01iD2WrgPb053wjBjoABxW4Co8Jfs5R+SPTPadc0KIgZmIjnL365Yjkp4
jcfp8NDFoo5ueJCAzT0jMN059HlCP//FyqwkVFPI/Pc/d40riPbLgoglcfH+OwtyA2pOYeQlRruX
WgKUlkXik1aMwml+PMQ1nJFjNm914diw8BC1RP1lrbxDvo9YYzo+QKkCUdKoyW5RzjODKFEp/08g
clZ+xpf4AoVJ8ouxZ0GPotQPcYhAUdpqUdNINOD/Cs9XgKxJTT8z5hz40ejZynt6PZ8IxCwlOsLz
C5gCvLe6mUBx6Mddp20REqIw4sUUVLR0z1LsdGbalylPcEtYEQQKsZHy1Byq7xqsQgrusYaJ3tzT
IsdCAO/g+lUadsehlC3DXO0quRzGFwdz0IokW35OMakpf2wilXysfDoPTl2opHhDvnqo/x1hTnNM
zb/ixnMC9DDLSE+0nzM0+RZb9nZiK9Gjdz6Ry4XsBFb+M0iJsq3Mwl9OlCirkw/rRD9Cdx4TOzK2
dLrYlZLENf6qUgwSL9D36qPikvpV4lKOGrfN/YliiEVJuZznzU9jl4mTuZ7K+EyThkgKESZ9myvr
yjd6nKkpuX3GAKeOUvHdLD1QGwMIrRUAXi75QuA+JQSSaaCS6o2cKUXyIIThDd0xYBn2IMzW+YU7
J2KCpVWiniQbws+vPRmuoao8EzNfGxxSyOycQGkX5iN7T77NPpQI7a4RAn8TaG7bQdPkH1qX8e60
6ZC36pbfJ4ZtqFhjEUN3SFNI+Du/uLOBg2lx5RGaLjHXiSoMIajc+t18V9G9LTooUdHuJjQm5ml0
R373l6outECu7JhbjJet87QQCJlAkGfhbC0kwowvg2MDHDPADwBJc2CAMxcX8Gl/htXWbgIotbMh
1kevZ5ZJCKxTJjSxQDC8uf62qdtxkvThdOAxeqBeoe8=